
Microsoft Visual Studio Solution File, Format Version 12.00
Project("{FAE04EC0-301F-11D3-BF4B-00C04F79EFBC}") = "ChessEngine.Backend", "ChessEngine.Backend\ChessEngine.Backend.csproj", "{6D6FC54C-98DB-4600-A289-635DEFBEA74A}"
EndProject
Project("{FAE04EC0-301F-11D3-BF4B-00C04F79EFBC}") = "ChessEngine.FrontEnd", "ChessEngine.FrontEnd\ChessEngine.FrontEnd.csproj", "{B906CA18-1186-47B0-9F19-ED4913640FF9}"
EndProject
Project("{FAE04EC0-301F-11D3-BF4B-00C04F79EFBC}") = "ChessEngine.Engine", "ChessEngine.Engine\ChessEngine.Engine.csproj", "{0D505F8A-6A57-4A00-AF24-64FB71A9AF5C}"
EndProject
Global
	GlobalSection(SolutionConfigurationPlatforms) = preSolution
		Debug|Any CPU = Debug|Any CPU
		Release|Any CPU = Release|Any CPU
	EndGlobalSection
	GlobalSection(ProjectConfigurationPlatforms) = postSolution
		{6D6FC54C-98DB-4600-A289-635DEFBEA74A}.Debug|Any CPU.ActiveCfg = Debug|Any CPU
		{6D6FC54C-98DB-4600-A289-635DEFBEA74A}.Debug|Any CPU.Build.0 = Debug|Any CPU
		{6D6FC54C-98DB-4600-A289-635DEFBEA74A}.Release|Any CPU.ActiveCfg = Release|Any CPU
		{6D6FC54C-98DB-4600-A289-635DEFBEA74A}.Release|Any CPU.Build.0 = Release|Any CPU
		{B906CA18-1186-47B0-9F19-ED4913640FF9}.Debug|Any CPU.ActiveCfg = Debug|Any CPU
		{B906CA18-1186-47B0-9F19-ED4913640FF9}.Debug|Any CPU.Build.0 = Debug|Any CPU
		{B906CA18-1186-47B0-9F19-ED4913640FF9}.Release|Any CPU.ActiveCfg = Release|Any CPU
		{B906CA18-1186-47B0-9F19-ED4913640FF9}.Release|Any CPU.Build.0 = Release|Any CPU
		{0D505F8A-6A57-4A00-AF24-64FB71A9AF5C}.Debug|Any CPU.ActiveCfg = Debug|Any CPU
		{0D505F8A-6A57-4A00-AF24-64FB71A9AF5C}.Debug|Any CPU.Build.0 = Debug|Any CPU
		{0D505F8A-6A57-4A00-AF24-64FB71A9AF5C}.Release|Any CPU.ActiveCfg = Release|Any CPU
		{0D505F8A-6A57-4A00-AF24-64FB71A9AF5C}.Release|Any CPU.Build.0 = Release|Any CPU
	EndGlobalSection
	GlobalSection(SolutionProperties) = preSolution
		HideSolutionNode = FALSE
	EndGlobalSection
EndGlobal
